// !$*UTF8*$!
{
	archiveVersion = 1;
	classes = {
	};
	objectVersion = 55;
	objects = {

/* Begin PBXBuildFile section */
		5634301128425BD500D42F9E /* HotelManagementSystemApp.swift in Sources */ = {isa = PBXBuildFile; fileRef = 5634301028425BD500D42F9E /* HotelManagementSystemApp.swift */; };
		5634301328425BD500D42F9E /* UserView.swift in Sources */ = {isa = PBXBuildFile; fileRef = 5634301228425BD500D42F9E /* UserView.swift */; };
		5634301528425BD500D42F9E /* Assets.xcassets in Resources */ = {isa = PBXBuildFile; fileRef = 5634301428425BD500D42F9E /* Assets.xcassets */; };
		5634301828425BD500D42F9E /* Preview Assets.xcassets in Resources */ = {isa = PBXBuildFile; fileRef = 5634301728425BD500D42F9E /* Preview Assets.xcassets */; };
		5634302228425BD500D42F9E /* HotelManagementSystemTests.swift in Sources */ = {isa = PBXBuildFile; fileRef = 5634302128425BD500D42F9E /* HotelManagementSystemTests.swift */; };
		5634302C28425BD500D42F9E /* HotelManagementSystemUITests.swift in Sources */ = {isa = PBXBuildFile; fileRef = 5634302B28425BD500D42F9E /* HotelManagementSystemUITests.swift */; };
		5634302E28425BD500D42F9E /* HotelManagementSystemUITestsLaunchTests.swift in Sources */ = {isa = PBXBuildFile; fileRef = 5634302D28425BD500D42F9E /* HotelManagementSystemUITestsLaunchTests.swift */; };
		5634303E28425C2A00D42F9E /* PageViewer.xcdatamodeld in Sources */ = {isa = PBXBuildFile; fileRef = 5634303C28425C2A00D42F9E /* PageViewer.xcdatamodeld */; };
		5634304028425C6100D42F9E /* DataController.swift in Sources */ = {isa = PBXBuildFile; fileRef = 5634303F28425C6100D42F9E /* DataController.swift */; };
		5634305D28425EB000D42F9E /* PageView.swift in Sources */ = {isa = PBXBuildFile; fileRef = 5634305228425EB000D42F9E /* PageView.swift */; };
		5634305E28425EB000D42F9E /* DropdownSelector.swift in Sources */ = {isa = PBXBuildFile; fileRef = 5634305328425EB000D42F9E /* DropdownSelector.swift */; };
		5634305F28425EB000D42F9E /* ButtonsView.swift in Sources */ = {isa = PBXBuildFile; fileRef = 5634305428425EB000D42F9E /* ButtonsView.swift */; };
		5634306028425EB000D42F9E /* SearchBar.swift in Sources */ = {isa = PBXBuildFile; fileRef = 5634305528425EB000D42F9E /* SearchBar.swift */; };
		5634306228425EB000D42F9E /* RegisterView.swift in Sources */ = {isa = PBXBuildFile; fileRef = 5634305728425EB000D42F9E /* RegisterView.swift */; };
		5634306328425EB000D42F9E /* SelectView.swift in Sources */ = {isa = PBXBuildFile; fileRef = 5634305828425EB000D42F9E /* SelectView.swift */; };
		5634306428425EB000D42F9E /* SwiperView.swift in Sources */ = {isa = PBXBuildFile; fileRef = 5634305928425EB000D42F9E /* SwiperView.swift */; };
		5634306528425EB000D42F9E /* SceneDelegate.swift in Sources */ = {isa = PBXBuildFile; fileRef = 5634305A28425EB000D42F9E /* SceneDelegate.swift */; };
		5634306628425EB000D42F9E /* CircleButton.swift in Sources */ = {isa = PBXBuildFile; fileRef = 5634305B28425EB000D42F9E /* CircleButton.swift */; };
		5634306828425F2D00D42F9E /* IndexView.swift in Sources */ = {isa = PBXBuildFile; fileRef = 5634306728425F2D00D42F9E /* IndexView.swift */; };
		563668192843EEB000273184 /* test.swift in Sources */ = {isa = PBXBuildFile; fileRef = 563668182843EEB000273184 /* test.swift */; };
		5636681C2843F02800273184 /* User+CoreDataClass.swift in Sources */ = {isa = PBXBuildFile; fileRef = 5636681A2843F02800273184 /* User+CoreDataClass.swift */; };
		5636681D2843F02800273184 /* User+CoreDataProperties.swift in Sources */ = {isa = PBXBuildFile; fileRef = 5636681B2843F02800273184 /* User+CoreDataProperties.swift */; };
		5636681F2843F2E500273184 /* FilteredList1.swift in Sources */ = {isa = PBXBuildFile; fileRef = 5636681E2843F2E500273184 /* FilteredList1.swift */; };
		56A73EA628431B9A0054A152 /* Model.swift in Sources */ = {isa = PBXBuildFile; fileRef = 56A73EA528431B9A0054A152 /* Model.swift */; };
		56A73EA828431C5F0054A152 /* ViewModel.swift in Sources */ = {isa = PBXBuildFile; fileRef = 56A73EA728431C5F0054A152 /* ViewModel.swift */; };
		56A73EAA284334F10054A152 /* SignInView.swift in Sources */ = {isa = PBXBuildFile; fileRef = 56A73EA9284334F10054A152 /* SignInView.swift */; };
		56A73EAE284363960054A152 /* AddHotelView.swift in Sources */ = {isa = PBXBuildFile; fileRef = 56A73EAD284363960054A152 /* AddHotelView.swift */; };
		56A73EB028436E020054A152 /* ListingView.swift in Sources */ = {isa = PBXBuildFile; fileRef = 56A73EAF28436E020054A152 /* ListingView.swift */; };
		56A73EB2284386880054A152 /* DetailView.swift in Sources */ = {isa = PBXBuildFile; fileRef = 56A73EB1284386880054A152 /* DetailView.swift */; };
		56A73EB428438C370054A152 /* RatingView.swift in Sources */ = {isa = PBXBuildFile; fileRef = 56A73EB328438C370054A152 /* RatingView.swift */; };
		56A73EB628438EF70054A152 /* EmojiRatingView.swift in Sources */ = {isa = PBXBuildFile; fileRef = 56A73EB528438EF70054A152 /* EmojiRatingView.swift */; };
		56A73EBB2843CB600054A152 /* Hotel+CoreDataClass.swift in Sources */ = {isa = PBXBuildFile; fileRef = 56A73EB92843CB600054A152 /* Hotel+CoreDataClass.swift */; };
		56A73EBC2843CB600054A152 /* Hotel+CoreDataProperties.swift in Sources */ = {isa = PBXBuildFile; fileRef = 56A73EBA2843CB600054A152 /* Hotel+CoreDataProperties.swift */; };
		56A73EBE2843CCDB0054A152 /* FilteredList.swift in Sources */ = {isa = PBXBuildFile; fileRef = 56A73EBD2843CCDB0054A152 /* FilteredList.swift */; };
/* End PBXBuildFile section */

/* Begin PBXContainerItemProxy section */
		5634301E28425BD500D42F9E /* PBXContainerItemProxy */ = {
			isa = PBXContainerItemProxy;
			containerPortal = 5634300528425BD400D42F9E /* Project object */;
			proxyType = 1;
			remoteGlobalIDString = 5634300C28425BD500D42F9E;
			remoteInfo = HotelManagementSystem;
		};
		5634302828425BD500D42F9E /* PBXContainerItemProxy */ = {
			isa = PBXContainerItemProxy;
			containerPortal = 5634300528425BD400D42F9E /* Project object */;
			proxyType = 1;
			remoteGlobalIDString = 5634300C28425BD500D42F9E;
			remoteInfo = HotelManagementSystem;
		};
/* End PBXContainerItemProxy section */

/* Begin PBXFileReference section */
		5634300D28425BD500D42F9E /* HotelManagementSystem.app */ = {isa = PBXFileReference; explicitFileType = wrapper.application; includeInIndex = 0; path = HotelManagementSystem.app; sourceTree = BUILT_PRODUCTS_DIR; };
		5634301028425BD500D42F9E /* HotelManagementSystemApp.swift */ = {isa = PBXFileReference; lastKnownFileType = sourcecode.swift; path = HotelManagementSystemApp.swift; sourceTree = "<group>"; };
		5634301228425BD500D42F9E /* UserView.swift */ = {isa = PBXFileReference; lastKnownFileType = sourcecode.swift; path = UserView.swift; sourceTree = "<group>"; };
		5634301428425BD500D42F9E /* Assets.xcassets */ = {isa = PBXFileReference; lastKnownFileType = folder.assetcatalog; path = Assets.xcassets; sourceTree = "<group>"; };
		5634301728425BD500D42F9E /* Preview Assets.xcassets */ = {isa = PBXFileReference; lastKnownFileType = folder.assetcatalog; path = "Preview Assets.xcassets"; sourceTree = "<group>"; };
		5634301D28425BD500D42F9E /* HotelManagementSystemTests.xctest */ = {isa = PBXFileReference; explicitFileType = wrapper.cfbundle; includeInIndex = 0; path = HotelManagementSystemTests.xctest; sourceTree = BUILT_PRODUCTS_DIR; };
		5634302128425BD500D42F9E /* HotelManagementSystemTests.swift */ = {isa = PBXFileReference; lastKnownFileType = sourcecode.swift; path = HotelManagementSystemTests.swift; sourceTree = "<group>"; };
		5634302728425BD500D42F9E /* HotelManagementSystemUITests.xctest */ = {isa = PBXFileReference; explicitFileType = wrapper.cfbundle; includeInIndex = 0; path = HotelManagementSystemUITests.xctest; sourceTree = BUILT_PRODUCTS_DIR; };
		5634302B28425BD500D42F9E /* HotelManagementSystemUITests.swift */ = {isa = PBXFileReference; lastKnownFileType = sourcecode.swift; path = HotelManagementSystemUITests.swift; sourceTree = "<group>"; };
		5634302D28425BD500D42F9E /* HotelManagementSystemUITestsLaunchTests.swift */ = {isa = PBXFileReference; lastKnownFileType = sourcecode.swift; path = HotelManagementSystemUITestsLaunchTests.swift; sourceTree = "<group>"; };
		5634303D28425C2A00D42F9E /* PageViewer.xcdatamodel */ = {isa = PBXFileReference; lastKnownFileType = wrapper.xcdatamodel; path = PageViewer.xcdatamodel; sourceTree = "<group>"; };
		5634303F28425C6100D42F9E /* DataController.swift */ = {isa = PBXFileReference; fileEncoding = 4; lastKnownFileType = sourcecode.swift; path = DataController.swift; sourceTree = "<group>"; };
		5634305228425EB000D42F9E /* PageView.swift */ = {isa = PBXFileReference; fileEncoding = 4; lastKnownFileType = sourcecode.swift; path = PageView.swift; sourceTree = "<group>"; };
		5634305328425EB000D42F9E /* DropdownSelector.swift */ = {isa = PBXFileReference; fileEncoding = 4; lastKnownFileType = sourcecode.swift; path = DropdownSelector.swift; sourceTree = "<group>"; };
		5634305428425EB000D42F9E /* ButtonsView.swift */ = {isa = PBXFileReference; fileEncoding = 4; lastKnownFileType = sourcecode.swift; path = ButtonsView.swift; sourceTree = "<group>"; };
		5634305528425EB000D42F9E /* SearchBar.swift */ = {isa = PBXFileReference; fileEncoding = 4; lastKnownFileType = sourcecode.swift; path = SearchBar.swift; sourceTree = "<group>"; };
		5634305728425EB000D42F9E /* RegisterView.swift */ = {isa = PBXFileReference; fileEncoding = 4; lastKnownFileType = sourcecode.swift; path = RegisterView.swift; sourceTree = "<group>"; };
		5634305828425EB000D42F9E /* SelectView.swift */ = {isa = PBXFileReference; fileEncoding = 4; lastKnownFileType = sourcecode.swift; path = SelectView.swift; sourceTree = "<group>"; };
		5634305928425EB000D42F9E /* SwiperView.swift */ = {isa = PBXFileReference; fileEncoding = 4; lastKnownFileType = sourcecode.swift; path = SwiperView.swift; sourceTree = "<group>"; };
		5634305A28425EB000D42F9E /* SceneDelegate.swift */ = {isa = PBXFileReference; fileEncoding = 4; lastKnownFileType = sourcecode.swift; path = SceneDelegate.swift; sourceTree = "<group>"; };
		5634305B28425EB000D42F9E /* CircleButton.swift */ = {isa = PBXFileReference; fileEncoding = 4; lastKnownFileType = sourcecode.swift; path = CircleButton.swift; sourceTree = "<group>"; };
		5634306728425F2D00D42F9E /* IndexView.swift */ = {isa = PBXFileReference; fileEncoding = 4; lastKnownFileType = sourcecode.swift; path = IndexView.swift; sourceTree = "<group>"; };
		563668182843EEB000273184 /* test.swift */ = {isa = PBXFileReference; lastKnownFileType = sourcecode.swift; path = test.swift; sourceTree = "<group>"; };
		5636681A2843F02800273184 /* User+CoreDataClass.swift */ = {isa = PBXFileReference; lastKnownFileType = sourcecode.swift; path = "User+CoreDataClass.swift"; sourceTree = "<group>"; };
		5636681B2843F02800273184 /* User+CoreDataProperties.swift */ = {isa = PBXFileReference; lastKnownFileType = sourcecode.swift; path = "User+CoreDataProperties.swift"; sourceTree = "<group>"; };
		5636681E2843F2E500273184 /* FilteredList1.swift */ = {isa = PBXFileReference; lastKnownFileType = sourcecode.swift; path = FilteredList1.swift; sourceTree = "<group>"; };
		56A73EA528431B9A0054A152 /* Model.swift */ = {isa = PBXFileReference; lastKnownFileType = sourcecode.swift; path = Model.swift; sourceTree = "<group>"; };
		56A73EA728431C5F0054A152 /* ViewModel.swift */ = {isa = PBXFileReference; lastKnownFileType = sourcecode.swift; path = ViewModel.swift; sourceTree = "<group>"; };
		56A73EA9284334F10054A152 /* SignInView.swift */ = {isa = PBXFileReference; lastKnownFileType = sourcecode.swift; path = SignInView.swift; sourceTree = "<group>"; };
		56A73EAD284363960054A152 /* AddHotelView.swift */ = {isa = PBXFileReference; lastKnownFileType = sourcecode.swift; path = AddHotelView.swift; sourceTree = "<group>"; };
		56A73EAF28436E020054A152 /* ListingView.swift */ = {isa = PBXFileReference; lastKnownFileType = sourcecode.swift; path = ListingView.swift; sourceTree = "<group>"; };
		56A73EB1284386880054A152 /* DetailView.swift */ = {isa = PBXFileReference; lastKnownFileType = sourcecode.swift; path = DetailView.swift; sourceTree = "<group>"; };
		56A73EB328438C370054A152 /* RatingView.swift */ = {isa = PBXFileReference; lastKnownFileType = sourcecode.swift; path = RatingView.swift; sourceTree = "<group>"; };
		56A73EB528438EF70054A152 /* EmojiRatingView.swift */ = {isa = PBXFileReference; lastKnownFileType = sourcecode.swift; path = EmojiRatingView.swift; sourceTree = "<group>"; };
		56A73EB92843CB600054A152 /* Hotel+CoreDataClass.swift */ = {isa = PBXFileReference; lastKnownFileType = sourcecode.swift; path = "Hotel+CoreDataClass.swift"; sourceTree = "<group>"; };
		56A73EBA2843CB600054A152 /* Hotel+CoreDataProperties.swift */ = {isa = PBXFileReference; lastKnownFileType = sourcecode.swift; path = "Hotel+CoreDataProperties.swift"; sourceTree = "<group>"; };
		56A73EBD2843CCDB0054A152 /* FilteredList.swift */ = {isa = PBXFileReference; lastKnownFileType = sourcecode.swift; path = FilteredList.swift; sourceTree = "<group>"; };
/* End PBXFileReference section */

/* Begin PBXFrameworksBuildPhase section */
		5634300A28425BD500D42F9E /* Frameworks */ = {
			isa = PBXFrameworksBuildPhase;
			buildActionMask = 2147483647;
			files = (
			);
			runOnlyForDeploymentPostprocessing = 0;
		};
		5634301A28425BD500D42F9E /* Frameworks */ = {
			isa = PBXFrameworksBuildPhase;
			buildActionMask = 2147483647;
			files = (
			);
			runOnlyForDeploymentPostprocessing = 0;
		};
		5634302428425BD500D42F9E /* Frameworks */ = {
			isa = PBXFrameworksBuildPhase;
			buildActionMask = 2147483647;
			files = (
			);
			runOnlyForDeploymentPostprocessing = 0;
		};
/* End PBXFrameworksBuildPhase section */

/* Begin PBXGroup section */
		5634300428425BD400D42F9E = {
			isa = PBXGroup;
			children = (
				5636681A2843F02800273184 /* User+CoreDataClass.swift */,
				5636681B2843F02800273184 /* User+CoreDataProperties.swift */,
				56A73EB92843CB600054A152 /* Hotel+CoreDataClass.swift */,
				56A73EBA2843CB600054A152 /* Hotel+CoreDataProperties.swift */,
				5634300F28425BD500D42F9E /* HotelManagementSystem */,
				5634302028425BD500D42F9E /* HotelManagementSystemTests */,
				5634302A28425BD500D42F9E /* HotelManagementSystemUITests */,
				5634300E28425BD500D42F9E /* Products */,
			);
			sourceTree = "<group>";
		};
		5634300E28425BD500D42F9E /* Products */ = {
			isa = PBXGroup;
			children = (
				5634300D28425BD500D42F9E /* HotelManagementSystem.app */,
				5634301D28425BD500D42F9E /* HotelManagementSystemTests.xctest */,
				5634302728425BD500D42F9E /* HotelManagementSystemUITests.xctest */,
			);
			name = Products;
			sourceTree = "<group>";
		};
		5634300F28425BD500D42F9E /* HotelManagementSystem */ = {
			isa = PBXGroup;
			children = (
				56A73EBD2843CCDB0054A152 /* FilteredList.swift */,
				5636681E2843F2E500273184 /* FilteredList1.swift */,
				5634303C28425C2A00D42F9E /* PageViewer.xcdatamodeld */,
				5634303F28425C6100D42F9E /* DataController.swift */,
				5634301028425BD500D42F9E /* HotelManagementSystemApp.swift */,
				56A73EA528431B9A0054A152 /* Model.swift */,
				56A73EA728431C5F0054A152 /* ViewModel.swift */,
				5634301428425BD500D42F9E /* Assets.xcassets */,
				56343069284262AD00D42F9E /* Views */,
				5634301628425BD500D42F9E /* Preview Content */,
			);
			path = HotelManagementSystem;
			sourceTree = "<group>";
		};
		5634301628425BD500D42F9E /* Preview Content */ = {
			isa = PBXGroup;
			children = (
				5634301728425BD500D42F9E /* Preview Assets.xcassets */,
			);
			path = "Preview Content";
			sourceTree = "<group>";
		};
		5634302028425BD500D42F9E /* HotelManagementSystemTests */ = {
			isa = PBXGroup;
			children = (
				5634302128425BD500D42F9E /* HotelManagementSystemTests.swift */,
			);
			path = HotelManagementSystemTests;
			sourceTree = "<group>";
		};
		5634302A28425BD500D42F9E /* HotelManagementSystemUITests */ = {
			isa = PBXGroup;
			children = (
				5634302B28425BD500D42F9E /* HotelManagementSystemUITests.swift */,
				5634302D28425BD500D42F9E /* HotelManagementSystemUITestsLaunchTests.swift */,
			);
			path = HotelManagementSystemUITests;
			sourceTree = "<group>";
		};
		56343069284262AD00D42F9E /* Views */ = {
			isa = PBXGroup;
			children = (
				56A73EAF28436E020054A152 /* ListingView.swift */,
				5634301228425BD500D42F9E /* UserView.swift */,
				563668182843EEB000273184 /* test.swift */,
				56A73EAD284363960054A152 /* AddHotelView.swift */,
				56A73EB528438EF70054A152 /* EmojiRatingView.swift */,
				56A73EB328438C370054A152 /* RatingView.swift */,
				56A73EB1284386880054A152 /* DetailView.swift */,
				5634305728425EB000D42F9E /* RegisterView.swift */,
				5634306728425F2D00D42F9E /* IndexView.swift */,
				5634305428425EB000D42F9E /* ButtonsView.swift */,
				56A73EA9284334F10054A152 /* SignInView.swift */,
				5634305A28425EB000D42F9E /* SceneDelegate.swift */,
				5634305528425EB000D42F9E /* SearchBar.swift */,
				5634305828425EB000D42F9E /* SelectView.swift */,
				5634305928425EB000D42F9E /* SwiperView.swift */,
				5634305228425EB000D42F9E /* PageView.swift */,
				5634305328425EB000D42F9E /* DropdownSelector.swift */,
				5634305B28425EB000D42F9E /* CircleButton.swift */,
			);
			path = Views;
			sourceTree = "<group>";
		};
/* End PBXGroup section */

/* Begin PBXNativeTarget section */
		5634300C28425BD500D42F9E /* HotelManagementSystem */ = {
			isa = PBXNativeTarget;
			buildConfigurationList = 5634303128425BD500D42F9E /* Build configuration list for PBXNativeTarget "HotelManagementSystem" */;
			buildPhases = (
				5634300928425BD500D42F9E /* Sources */,
				5634300A28425BD500D42F9E /* Frameworks */,
				5634300B28425BD500D42F9E /* Resources */,
			);
			buildRules = (
			);
			dependencies = (
			);
			name = HotelManagementSystem;
			productName = HotelManagementSystem;
			productReference = 5634300D28425BD500D42F9E /* HotelManagementSystem.app */;
			productType = "com.apple.product-type.application";
		};
		5634301C28425BD500D42F9E /* HotelManagementSystemTests */ = {
			isa = PBXNativeTarget;
			buildConfigurationList = 5634303428425BD500D42F9E /* Build configuration list for PBXNativeTarget "HotelManagementSystemTests" */;
			buildPhases = (
				5634301928425BD500D42F9E /* Sources */,
				5634301A28425BD500D42F9E /* Frameworks */,
				5634301B28425BD500D42F9E /* Resources */,
			);
			buildRules = (
			);
			dependencies = (
				5634301F28425BD500D42F9E /* PBXTargetDependency */,
			);
			name = HotelManagementSystemTests;
			productName = HotelManagementSystemTests;
			productReference = 5634301D28425BD500D42F9E /* HotelManagementSystemTests.xctest */;
			productType = "com.apple.product-type.bundle.unit-test";
		};
		5634302628425BD500D42F9E /* HotelManagementSystemUITests */ = {
			isa = PBXNativeTarget;
			buildConfigurationList = 5634303728425BD500D42F9E /* Build configuration list for PBXNativeTarget "HotelManagementSystemUITests" */;
			buildPhases = (
				5634302328425BD500D42F9E /* Sources */,
				5634302428425BD500D42F9E /* Frameworks */,
				5634302528425BD500D42F9E /* Resources */,
			);
			buildRules = (
			);
			dependencies = (
				5634302928425BD500D42F9E /* PBXTargetDependency */,
			);
			name = HotelManagementSystemUITests;
			productName = HotelManagementSystemUITests;
			productReference = 5634302728425BD500D42F9E /* HotelManagementSystemUITests.xctest */;
			productType = "com.apple.product-type.bundle.ui-testing";
		};
/* End PBXNativeTarget section */

/* Begin PBXProject section */
		5634300528425BD400D42F9E /* Project object */ = {
			isa = PBXProject;
			attributes = {
				BuildIndependentTargetsInParallel = 1;
				LastSwiftUpdateCheck = 1340;
				LastUpgradeCheck = 1340;
				TargetAttributes = {
					5634300C28425BD500D42F9E = {
						CreatedOnToolsVersion = 13.4;
					};
					5634301C28425BD500D42F9E = {
						CreatedOnToolsVersion = 13.4;
						TestTargetID = 5634300C28425BD500D42F9E;
					};
					5634302628425BD500D42F9E = {
						CreatedOnToolsVersion = 13.4;
						TestTargetID = 5634300C28425BD500D42F9E;
					};
				};
			};
			buildConfigurationList = 5634300828425BD400D42F9E /* Build configuration list for PBXProject "HotelManagementSystem" */;
			compatibilityVersion = "Xcode 13.0";
			developmentRegion = en;
			hasScannedForEncodings = 0;
			knownRegions = (
				en,
				Base,
			);
			mainGroup = 5634300428425BD400D42F9E;
			productRefGroup = 5634300E28425BD500D42F9E /* Products */;
			projectDirPath = "";
			projectRoot = "";
			targets = (
				5634300C28425BD500D42F9E /* HotelManagementSystem */,
				5634301C28425BD500D42F9E /* HotelManagementSystemTests */,
				5634302628425BD500D42F9E /* HotelManagementSystemUITests */,
			);
		};
/* End PBXProject section */

/* Begin PBXResourcesBuildPhase section */
		5634300B28425BD500D42F9E /* Resources */ = {
			isa = PBXResourcesBuildPhase;
			buildActionMask = 2147483647;
			files = (
				5634301828425BD500D42F9E /* Preview Assets.xcassets in Resources */,
				5634301528425BD500D42F9E /* Assets.xcassets in Resources */,
			);
			runOnlyForDeploymentPostprocessing = 0;
		};
		5634301B28425BD500D42F9E /* Resources */ = {
			isa = PBXResourcesBuildPhase;
			buildActionMask = 2147483647;
			files = (
			);
			runOnlyForDeploymentPostprocessing = 0;
		};
		5634302528425BD500D42F9E /* Resources */ = {
			isa = PBXResourcesBuildPhase;
			buildActionMask = 2147483647;
			files = (
			);
			runOnlyForDeploymentPostprocessing = 0;
		};
/* End PBXResourcesBuildPhase section */

/* Begin PBXSourcesBuildPhase section */
		5634300928425BD500D42F9E /* Sources */ = {
			isa = PBXSourcesBuildPhase;
			buildActionMask = 2147483647;
			files = (
				5636681F2843F2E500273184 /* FilteredList1.swift in Sources */,
				5634306628425EB000D42F9E /* CircleButton.swift in Sources */,
				56A73EB028436E020054A152 /* ListingView.swift in Sources */,
				5634306228425EB000D42F9E /* RegisterView.swift in Sources */,
				563668192843EEB000273184 /* test.swift in Sources */,
				5634306528425EB000D42F9E /* SceneDelegate.swift in Sources */,
				5636681C2843F02800273184 /* User+CoreDataClass.swift in Sources */,
				56A73EBE2843CCDB0054A152 /* FilteredList.swift in Sources */,
				5634301328425BD500D42F9E /* UserView.swift in Sources */,
				56A73EAA284334F10054A152 /* SignInView.swift in Sources */,
				5634306328425EB000D42F9E /* SelectView.swift in Sources */,
				5636681D2843F02800273184 /* User+CoreDataProperties.swift in Sources */,
				5634305D28425EB000D42F9E /* PageView.swift in Sources */,
				56A73EA828431C5F0054A152 /* ViewModel.swift in Sources */,
				56A73EAE284363960054A152 /* AddHotelView.swift in Sources */,
				56A73EB2284386880054A152 /* DetailView.swift in Sources */,
				56A73EB428438C370054A152 /* RatingView.swift in Sources */,
				5634304028425C6100D42F9E /* DataController.swift in Sources */,
				56A73EA628431B9A0054A152 /* Model.swift in Sources */,
				5634303E28425C2A00D42F9E /* PageViewer.xcdatamodeld in Sources */,
				56A73EB628438EF70054A152 /* EmojiRatingView.swift in Sources */,
				5634306028425EB000D42F9E /* SearchBar.swift in Sources */,
				5634306428425EB000D42F9E /* SwiperView.swift in Sources */,
				5634305E28425EB000D42F9E /* DropdownSelector.swift in Sources */,
				56A73EBB2843CB600054A152 /* Hotel+CoreDataClass.swift in Sources */,
				5634305F28425EB000D42F9E /* ButtonsView.swift in Sources */,
				5634306828425F2D00D42F9E /* IndexView.swift in Sources */,
				5634301128425BD500D42F9E /* HotelManagementSystemApp.swift in Sources */,
				56A73EBC2843CB600054A152 /* Hotel+CoreDataProperties.swift in Sources */,
			);
			runOnlyForDeploymentPostprocessing = 0;
		};
		5634301928425BD500D42F9E /* Sources */ = {
			isa = PBXSourcesBuildPhase;
			buildActionMask = 2147483647;
			files = (
				5634302228425BD500D42F9E /* HotelManagementSystemTests.swift in Sources */,
			);
			runOnlyForDeploymentPostprocessing = 0;
		};
		5634302328425BD500D42F9E /* Sources */ = {
			isa = PBXSourcesBuildPhase;
			buildActionMask = 2147483647;
			files = (
				5634302C28425BD500D42F9E /* HotelManagementSystemUITests.swift in Sources */,
				5634302E28425BD500D42F9E /* HotelManagementSystemUITestsLaunchTests.swift in Sources */,
			);
			runOnlyForDeploymentPostprocessing = 0;
		};
/* End PBXSourcesBuildPhase section */

/* Begin PBXTargetDependency section */
		5634301F28425BD500D42F9E /* PBXTargetDependency */ = {
			isa = PBXTargetDependency;
			target = 5634300C28425BD500D42F9E /* HotelManagementSystem */;
			targetProxy = 5634301E28425BD500D42F9E /* PBXContainerItemProxy */;
		};
		5634302928425BD500D42F9E /* PBXTargetDependency */ = {
			isa = PBXTargetDependency;
			target = 5634300C28425BD500D42F9E /* HotelManagementSystem */;
			targetProxy = 5634302828425BD500D42F9E /* PBXContainerItemProxy */;
		};
/* End PBXTargetDependency section */

/* Begin XCBuildConfiguration section */
		5634302F28425BD500D42F9E /* Debug */ = {
			isa = XCBuildConfiguration;
			buildSettings = {
				ALWAYS_SEARCH_USER_PATHS = NO;
				CLANG_ANALYZER_NONNULL = YES;
				CLANG_ANALYZER_NUMBER_OBJECT_CONVERSION = YES_AGGRESSIVE;
				CLANG_CXX_LANGUAGE_STANDARD = "gnu++17";
				CLANG_ENABLE_MODULES = YES;
				CLANG_ENABLE_OBJC_ARC = YES;
				CLANG_ENABLE_OBJC_WEAK = YES;
				CLANG_WARN_BLOCK_CAPTURE_AUTORELEASING = YES;
				CLANG_WARN_BOOL_CONVERSION = YES;
				CLANG_WARN_COMMA = YES;
				CLANG_WARN_CONSTANT_CONVERSION = YES;
				CLANG_WARN_DEPRECATED_OBJC_IMPLEMENTATIONS = YES;
				CLANG_WARN_DIRECT_OBJC_ISA_USAGE = YES_ERROR;
				CLANG_WARN_DOCUMENTATION_COMMENTS = YES;
				CLANG_WARN_EMPTY_BODY = YES;
				CLANG_WARN_ENUM_CONVERSION = YES;
				CLANG_WARN_INFINITE_RECURSION = YES;
				CLANG_WARN_INT_CONVERSION = YES;
				CLANG_WARN_NON_LITERAL_NULL_CONVERSION = YES;
				CLANG_WARN_OBJC_IMPLICIT_RETAIN_SELF = YES;
				CLANG_WARN_OBJC_LITERAL_CONVERSION = YES;
				CLANG_WARN_OBJC_ROOT_CLASS = YES_ERROR;
				CLANG_WARN_QUOTED_INCLUDE_IN_FRAMEWORK_HEADER = YES;
				CLANG_WARN_RANGE_LOOP_ANALYSIS = YES;
				CLANG_WARN_STRICT_PROTOTYPES = YES;
				CLANG_WARN_SUSPICIOUS_MOVE = YES;
				CLANG_WARN_UNGUARDED_AVAILABILITY = YES_AGGRESSIVE;
				CLANG_WARN_UNREACHABLE_CODE = YES;
				CLANG_WARN__DUPLICATE_METHOD_MATCH = YES;
				COPY_PHASE_STRIP = NO;
				DEBUG_INFORMATION_FORMAT = dwarf;
				ENABLE_STRICT_OBJC_MSGSEND = YES;
				ENABLE_TESTABILITY = YES;
				GCC_C_LANGUAGE_STANDARD = gnu11;
				GCC_DYNAMIC_NO_PIC = NO;
				GCC_NO_COMMON_BLOCKS = YES;
				GCC_OPTIMIZATION_LEVEL = 0;
				GCC_PREPROCESSOR_DEFINITIONS = (
					"DEBUG=1",
					"$(inherited)",
				);
				GCC_WARN_64_TO_32_BIT_CONVERSION = YES;
				GCC_WARN_ABOUT_RETURN_TYPE = YES_ERROR;
				GCC_WARN_UNDECLARED_SELECTOR = YES;
				GCC_WARN_UNINITIALIZED_AUTOS = YES_AGGRESSIVE;
				GCC_WARN_UNUSED_FUNCTION = YES;
				GCC_WARN_UNUSED_VARIABLE = YES;
				IPHONEOS_DEPLOYMENT_TARGET = 15.5;
				MTL_ENABLE_DEBUG_INFO = INCLUDE_SOURCE;
				MTL_FAST_MATH = YES;
				ONLY_ACTIVE_ARCH = YES;
				SDKROOT = iphoneos;
				SWIFT_ACTIVE_COMPILATION_CONDITIONS = DEBUG;
				SWIFT_OPTIMIZATION_LEVEL = "-Onone";
			};
			name = Debug;
		};
		5634303028425BD500D42F9E /* Release */ = {
			isa = XCBuildConfiguration;
			buildSettings = {
				ALWAYS_SEARCH_USER_PATHS = NO;
				CLANG_ANALYZER_NONNULL = YES;
				CLANG_ANALYZER_NUMBER_OBJECT_CONVERSION = YES_AGGRESSIVE;
				CLANG_CXX_LANGUAGE_STANDARD = "gnu++17";
				CLANG_ENABLE_MODULES = YES;
				CLANG_ENABLE_OBJC_ARC = YES;
				CLANG_ENABLE_OBJC_WEAK = YES;
				CLANG_WARN_BLOCK_CAPTURE_AUTORELEASING = YES;
				CLANG_WARN_BOOL_CONVERSION = YES;
				CLANG_WARN_COMMA = YES;
				CLANG_WARN_CONSTANT_CONVERSION = YES;
				CLANG_WARN_DEPRECATED_OBJC_IMPLEMENTATIONS = YES;
				CLANG_WARN_DIRECT_OBJC_ISA_USAGE = YES_ERROR;
				CLANG_WARN_DOCUMENTATION_COMMENTS = YES;
				CLANG_WARN_EMPTY_BODY = YES;
				CLANG_WARN_ENUM_CONVERSION = YES;
				CLANG_WARN_INFINITE_RECURSION = YES;
				CLANG_WARN_INT_CONVERSION = YES;
				CLANG_WARN_NON_LITERAL_NULL_CONVERSION = YES;
				CLANG_WARN_OBJC_IMPLICIT_RETAIN_SELF = YES;
				CLANG_WARN_OBJC_LITERAL_CONVERSION = YES;
				CLANG_WARN_OBJC_ROOT_CLASS = YES_ERROR;
				CLANG_WARN_QUOTED_INCLUDE_IN_FRAMEWORK_HEADER = YES;
				CLANG_WARN_RANGE_LOOP_ANALYSIS = YES;
				CLANG_WARN_STRICT_PROTOTYPES = YES;
				CLANG_WARN_SUSPICIOUS_MOVE = YES;
				CLANG_WARN_UNGUARDED_AVAILABILITY = YES_AGGRESSIVE;
				CLANG_WARN_UNREACHABLE_CODE = YES;
				CLANG_WARN__DUPLICATE_METHOD_MATCH = YES;
				COPY_PHASE_STRIP = NO;
				DEBUG_INFORMATION_FORMAT = "dwarf-with-dsym";
				ENABLE_NS_ASSERTIONS = NO;
				ENABLE_STRICT_OBJC_MSGSEND = YES;
				GCC_C_LANGUAGE_STANDARD = gnu11;
				GCC_NO_COMMON_BLOCKS = YES;
				GCC_WARN_64_TO_32_BIT_CONVERSION = YES;
				GCC_WARN_ABOUT_RETURN_TYPE = YES_ERROR;
				GCC_WARN_UNDECLARED_SELECTOR = YES;
				GCC_WARN_UNINITIALIZED_AUTOS = YES_AGGRESSIVE;
				GCC_WARN_UNUSED_FUNCTION = YES;
				GCC_WARN_UNUSED_VARIABLE = YES;
				IPHONEOS_DEPLOYMENT_TARGET = 15.5;
				MTL_ENABLE_DEBUG_INFO = NO;
				MTL_FAST_MATH = YES;
				SDKROOT = iphoneos;
				SWIFT_COMPILATION_MODE = wholemodule;
				SWIFT_OPTIMIZATION_LEVEL = "-O";
				VALIDATE_PRODUCT = YES;
			};
			name = Release;
		};
		5634303228425BD500D42F9E /* Debug */ = {
			isa = XCBuildConfiguration;
			buildSettings = {
				ASSETCATALOG_COMPILER_APPICON_NAME = AppIcon;
				ASSETCATALOG_COMPILER_GLOBAL_ACCENT_COLOR_NAME = AccentColor;
				CODE_SIGN_STYLE = Automatic;
				CURRENT_PROJECT_VERSION = 1;
				DEVELOPMENT_ASSET_PATHS = "\"HotelManagementSystem/Preview Content\"";
				DEVELOPMENT_TEAM = U4BCZZP25R;
				ENABLE_PREVIEWS = YES;
				GENERATE_INFOPLIST_FILE = YES;
				INFOPLIST_KEY_UIApplicationSceneManifest_Generation = YES;
				INFOPLIST_KEY_UIApplicationSupportsIndirectInputEvents = YES;
				INFOPLIST_KEY_UILaunchScreen_Generation = YES;
				INFOPLIST_KEY_UISupportedInterfaceOrientations_iPad = "UIInterfaceOrientationPortrait UIInterfaceOrientationPortraitUpsideDown UIInterfaceOrientationLandscapeLeft UIInterfaceOrientationLandscapeRight";
				INFOPLIST_KEY_UISupportedInterfaceOrientations_iPhone = "UIInterfaceOrientationPortrait UIInterfaceOrientationLandscapeLeft UIInterfaceOrientationLandscapeRight";
				LD_RUNPATH_SEARCH_PATHS = (
					"$(inherited)",
					"@executable_path/Frameworks",
				);
				MARKETING_VERSION = 1.0;
				PRODUCT_BUNDLE_IDENTIFIER = edu.ecnu.10195101491.HotelManagementSystem;
				PRODUCT_NAME = "$(TARGET_NAME)";
				SWIFT_EMIT_LOC_STRINGS = YES;
				SWIFT_VERSION = 5.0;
				TARGETED_DEVICE_FAMILY = "1,2";
			};
			name = Debug;
		};
		5634303328425BD500D42F9E /* Release */ = {
			isa = XCBuildConfiguration;
			buildSettings = {
				ASSETCATALOG_COMPILER_APPICON_NAME = AppIcon;
				ASSETCATALOG_COMPILER_GLOBAL_ACCENT_COLOR_NAME = AccentColor;
				CODE_SIGN_STYLE = Automatic;
				CURRENT_PROJECT_VERSION = 1;
				DEVELOPMENT_ASSET_PATHS = "\"HotelManagementSystem/Preview Content\"";
				DEVELOPMENT_TEAM = U4BCZZP25R;
				ENABLE_PREVIEWS = YES;
				GENERATE_INFOPLIST_FILE = YES;
				INFOPLIST_KEY_UIApplicationSceneManifest_Generation = YES;
				INFOPLIST_KEY_UIApplicationSupportsIndirectInputEvents = YES;
				INFOPLIST_KEY_UILaunchScreen_Generation = YES;
				INFOPLIST_KEY_UISupportedInterfaceOrientations_iPad = "UIInterfaceOrientationPortrait UIInterfaceOrientationPortraitUpsideDown UIInterfaceOrientationLandscapeLeft UIInterfaceOrientationLandscapeRight";
				INFOPLIST_KEY_UISupportedInterfaceOrientations_iPhone = "UIInterfaceOrientationPortrait UIInterfaceOrientationLandscapeLeft UIInterfaceOrientationLandscapeRight";
				LD_RUNPATH_SEARCH_PATHS = (
					"$(inherited)",
					"@executable_path/Frameworks",
				);
				MARKETING_VERSION = 1.0;
				PRODUCT_BUNDLE_IDENTIFIER = edu.ecnu.10195101491.HotelManagementSystem;
				PRODUCT_NAME = "$(TARGET_NAME)";
				SWIFT_EMIT_LOC_STRINGS = YES;
				SWIFT_VERSION = 5.0;
				TARGETED_DEVICE_FAMILY = "1,2";
			};
			name = Release;
		};
		5634303528425BD500D42F9E /* Debug */ = {
			isa = XCBuildConfiguration;
			buildSettings = {
				ALWAYS_EMBED_SWIFT_STANDARD_LIBRARIES = YES;
				BUNDLE_LOADER = "$(TEST_HOST)";
				CODE_SIGN_STYLE = Automatic;
				CURRENT_PROJECT_VERSION = 1;
				DEVELOPMENT_TEAM = U4BCZZP25R;
				GENERATE_INFOPLIST_FILE = YES;
				IPHONEOS_DEPLOYMENT_TARGET = 15.5;
				MARKETING_VERSION = 1.0;
				PRODUCT_BUNDLE_IDENTIFIER = edu.ecnu.10195101491.HotelManagementSystemTests;
				PRODUCT_NAME = "$(TARGET_NAME)";
				SWIFT_EMIT_LOC_STRINGS = NO;
				SWIFT_VERSION = 5.0;
				TARGETED_DEVICE_FAMILY = "1,2";
				TEST_HOST = "$(BUILT_PRODUCTS_DIR)/HotelManagementSystem.app/HotelManagementSystem";
			};
			name = Debug;
		};
		5634303628425BD500D42F9E /* Release */ = {
			isa = XCBuildConfiguration;
			buildSettings = {
				ALWAYS_EMBED_SWIFT_STANDARD_LIBRARIES = YES;
				BUNDLE_LOADER = "$(TEST_HOST)";
				CODE_SIGN_STYLE = Automatic;
				CURRENT_PROJECT_VERSION = 1;
				DEVELOPMENT_TEAM = U4BCZZP25R;
				GENERATE_INFOPLIST_FILE = YES;
				IPHONEOS_DEPLOYMENT_TARGET = 15.5;
				MARKETING_VERSION = 1.0;
				PRODUCT_BUNDLE_IDENTIFIER = edu.ecnu.10195101491.HotelManagementSystemTests;
				PRODUCT_NAME = "$(TARGET_NAME)";
				SWIFT_EMIT_LOC_STRINGS = NO;
				SWIFT_VERSION = 5.0;
				TARGETED_DEVICE_FAMILY = "1,2";
				TEST_HOST = "$(BUILT_PRODUCTS_DIR)/HotelManagementSystem.app/HotelManagementSystem";
			};
			name = Release;
		};
		5634303828425BD500D42F9E /* Debug */ = {
			isa = XCBuildConfiguration;
			buildSettings = {
				ALWAYS_EMBED_SWIFT_STANDARD_LIBRARIES = YES;
				CODE_SIGN_STYLE = Automatic;
				CURRENT_PROJECT_VERSION = 1;
				DEVELOPMENT_TEAM = U4BCZZP25R;
				GENERATE_INFOPLIST_FILE = YES;
				MARKETING_VERSION = 1.0;
				PRODUCT_BUNDLE_IDENTIFIER = edu.ecnu.10195101491.HotelManagementSystemUITests;
				PRODUCT_NAME = "$(TARGET_NAME)";
				SWIFT_EMIT_LOC_STRINGS = NO;
				SWIFT_VERSION = 5.0;
				TARGETED_DEVICE_FAMILY = "1,2";
				TEST_TARGET_NAME = HotelManagementSystem;
			};
			name = Debug;
		};
		5634303928425BD500D42F9E /* Release */ = {
			isa = XCBuildConfiguration;
			buildSettings = {
				ALWAYS_EMBED_SWIFT_STANDARD_LIBRARIES = YES;
				CODE_SIGN_STYLE = Automatic;
				CURRENT_PROJECT_VERSION = 1;
				DEVELOPMENT_TEAM = U4BCZZP25R;
				GENERATE_INFOPLIST_FILE = YES;
				MARKETING_VERSION = 1.0;
				PRODUCT_BUNDLE_IDENTIFIER = edu.ecnu.10195101491.HotelManagementSystemUITests;
				PRODUCT_NAME = "$(TARGET_NAME)";
				SWIFT_EMIT_LOC_STRINGS = NO;
				SWIFT_VERSION = 5.0;
				TARGETED_DEVICE_FAMILY = "1,2";
				TEST_TARGET_NAME = HotelManagementSystem;
			};
			name = Release;
		};
/* End XCBuildConfiguration section */

/* Begin XCConfigurationList section */
		5634300828425BD400D42F9E /* Build configuration list for PBXProject "HotelManagementSystem" */ = {
			isa = XCConfigurationList;
			buildConfigurations = (
				5634302F28425BD500D42F9E /* Debug */,
				5634303028425BD500D42F9E /* Release */,
			);
			defaultConfigurationIsVisible = 0;
			defaultConfigurationName = Release;
		};
		5634303128425BD500D42F9E /* Build configuration list for PBXNativeTarget "HotelManagementSystem" */ = {
			isa = XCConfigurationList;
			buildConfigurations = (
				5634303228425BD500D42F9E /* Debug */,
				5634303328425BD500D42F9E /* Release */,
			);
			defaultConfigurationIsVisible = 0;
			defaultConfigurationName = Release;
		};
		5634303428425BD500D42F9E /* Build configuration list for PBXNativeTarget "HotelManagementSystemTests" */ = {
			isa = XCConfigurationList;
			buildConfigurations = (
				5634303528425BD500D42F9E /* Debug */,
				5634303628425BD500D42F9E /* Release */,
			);
			defaultConfigurationIsVisible = 0;
			defaultConfigurationName = Release;
		};
		5634303728425BD500D42F9E /* Build configuration list for PBXNativeTarget "HotelManagementSystemUITests" */ = {
			isa = XCConfigurationList;
			buildConfigurations = (
				5634303828425BD500D42F9E /* Debug */,
				5634303928425BD500D42F9E /* Release */,
			);
			defaultConfigurationIsVisible = 0;
			defaultConfigurationName = Release;
		};
/* End XCConfigurationList section */

/* Begin XCVersionGroup section */
		5634303C28425C2A00D42F9E /* PageViewer.xcdatamodeld */ = {
			isa = XCVersionGroup;
			children = (
				5634303D28425C2A00D42F9E /* PageViewer.xcdatamodel */,
			);
			currentVersion = 5634303D28425C2A00D42F9E /* PageViewer.xcdatamodel */;
			path = PageViewer.xcdatamodeld;
			sourceTree = "<group>";
			versionGroupType = wrapper.xcdatamodel;
		};
/* End XCVersionGroup section */
	};
	rootObject = 5634300528425BD400D42F9E /* Project object */;
}
